# -------------------------------------------------------------------------- #
#
# Copyright (C) 1991-2012 Altera Corporation
# Your use of Altera Corporation's design tools, logic functions 
# and other software and tools, and its AMPP partner logic 
# functions, and any output files from any of the foregoing 
# (including device programming or simulation files), and any 
# associated documentation or information are expressly subject 
# to the terms and conditions of the Altera Program License 
# Subscription Agreement, Altera MegaCore Function License 
# Agreement, or other applicable license agreement, including, 
# without limitation, that your use is for the sole purpose of 
# programming logic devices manufactured by Altera and sold by 
# Altera or its authorized distributors.  Please refer to the 
# applicable agreement for further details.
#
# -------------------------------------------------------------------------- #
#
# Quartus II 32-bit
# Version 12.0 Build 263 08/02/2012 Service Pack 2 SJ Full Version
# Date created = 15:01:13  November 19, 2012
#
# -------------------------------------------------------------------------- #
#
# Notes:
#
# 1) The default values for assignments are stored in the file:
#		experiment1_assignment_defaults.qdf
#    If this file doesn't exist, see file:
#		assignment_defaults.qdf
#
# 2) Altera recommends that you do not modify this file. This
#    file is updated automatically by the Quartus II software
#    and any changes you make may be lost or overwritten.
#
# -------------------------------------------------------------------------- #


set_global_assignment -name FAMILY "Cyclone II"
set_global_assignment -name DEVICE EP2C35F672C6
set_global_assignment -name TOP_LEVEL_ENTITY experiment1
set_global_assignment -name ORIGINAL_QUARTUS_VERSION "12.0 SP2"
set_global_assignment -name PROJECT_CREATION_TIME_DATE "15:01:13  NOVEMBER 19, 2012"
set_global_assignment -name LAST_QUARTUS_VERSION "12.0 SP2"
set_global_assignment -name MIN_CORE_JUNCTION_TEMP 0
set_global_assignment -name MAX_CORE_JUNCTION_TEMP 85
set_global_assignment -name ERROR_CHECK_FREQUENCY_DIVISOR 1
set_global_assignment -name EDA_SIMULATION_TOOL "ModelSim-Altera (VHDL)"
set_global_assignment -name EDA_OUTPUT_DATA_FORMAT VHDL -section_id eda_simulation

set_location_assignment PIN_N25 -to switch_i_external_connection_export[0]
set_location_assignment PIN_N26 -to switch_i_external_connection_export[1]
set_location_assignment PIN_P25 -to switch_i_external_connection_export[2]
set_location_assignment PIN_AE14 -to switch_i_external_connection_export[3]
set_location_assignment PIN_AF14 -to switch_i_external_connection_export[4]
set_location_assignment PIN_AD13 -to switch_i_external_connection_export[5]
set_location_assignment PIN_AC13 -to switch_i_external_connection_export[6]
set_location_assignment PIN_C13 -to switch_i_external_connection_export[7]
set_location_assignment PIN_B13 -to switch_i_external_connection_export[8]
set_location_assignment PIN_A13 -to switch_i_external_connection_export[9]
set_location_assignment PIN_N1 -to switch_i_external_connection_export[10]
set_location_assignment PIN_P1 -to switch_i_external_connection_export[11]
set_location_assignment PIN_P2 -to switch_i_external_connection_export[12]
set_location_assignment PIN_T7 -to switch_i_external_connection_export[13]
set_location_assignment PIN_U3 -to switch_i_external_connection_export[14]
set_location_assignment PIN_U4 -to switch_i_external_connection_export[15]
set_location_assignment PIN_V1 -to switch_i_external_connection_export[16]
set_location_assignment PIN_AE22 -to led_green_o_external_connection_export[0]
set_location_assignment PIN_AF22 -to led_green_o_external_connection_export[1]
set_location_assignment PIN_W19 -to led_green_o_external_connection_export[2]
set_location_assignment PIN_V18 -to led_green_o_external_connection_export[3]
set_location_assignment PIN_U18 -to led_green_o_external_connection_export[4]
set_location_assignment PIN_U17 -to led_green_o_external_connection_export[5]
set_location_assignment PIN_AA20 -to led_green_o_external_connection_export[6]
set_location_assignment PIN_Y18 -to led_green_o_external_connection_export[7]
set_location_assignment PIN_Y12 -to led_green_o_external_connection_export[8]
set_location_assignment PIN_AE23 -to led_red_o_external_connection_export[0]
set_location_assignment PIN_AF23 -to led_red_o_external_connection_export[1]
set_location_assignment PIN_AB21 -to led_red_o_external_connection_export[2]
set_location_assignment PIN_AC22 -to led_red_o_external_connection_export[3]
set_location_assignment PIN_AD22 -to led_red_o_external_connection_export[4]
set_location_assignment PIN_AD23 -to led_red_o_external_connection_export[5]
set_location_assignment PIN_AD21 -to led_red_o_external_connection_export[6]
set_location_assignment PIN_AC21 -to led_red_o_external_connection_export[7]
set_location_assignment PIN_AA14 -to led_red_o_external_connection_export[8]
set_location_assignment PIN_Y13 -to led_red_o_external_connection_export[9]
set_location_assignment PIN_AA13 -to led_red_o_external_connection_export[10]
set_location_assignment PIN_AC14 -to led_red_o_external_connection_export[11]
set_location_assignment PIN_AD15 -to led_red_o_external_connection_export[12]
set_location_assignment PIN_AE15 -to led_red_o_external_connection_export[13]
set_location_assignment PIN_AF13 -to led_red_o_external_connection_export[14]
set_location_assignment PIN_AE13 -to led_red_o_external_connection_export[15]
set_location_assignment PIN_AE12 -to led_red_o_external_connection_export[16]
set_location_assignment PIN_AD12 -to led_red_o_external_connection_export[17]
set_location_assignment PIN_G26 -to push_button_i_external_connection_export[0]
set_location_assignment PIN_N23 -to push_button_i_external_connection_export[1]
set_location_assignment PIN_P23 -to push_button_i_external_connection_export[2]
set_location_assignment PIN_W26 -to push_button_i_external_connection_export[3]
set_location_assignment PIN_N2 -to clock_50_i_clk_in_clk
set_location_assignment PIN_V2 -to clock_50_i_clk_in_reset_reset_n

set_instance_assignment -name OUTPUT_PIN_LOAD 20 -to led_red_o_external_connection_export[0]
set_instance_assignment -name OUTPUT_PIN_LOAD 20 -to led_red_o_external_connection_export[1]
set_instance_assignment -name OUTPUT_PIN_LOAD 20 -to led_red_o_external_connection_export[2]
set_instance_assignment -name OUTPUT_PIN_LOAD 20 -to led_red_o_external_connection_export[3]
set_instance_assignment -name OUTPUT_PIN_LOAD 20 -to led_red_o_external_connection_export[4]
set_instance_assignment -name OUTPUT_PIN_LOAD 20 -to led_red_o_external_connection_export[5]
set_instance_assignment -name OUTPUT_PIN_LOAD 20 -to led_red_o_external_connection_export[6]
set_instance_assignment -name OUTPUT_PIN_LOAD 20 -to led_red_o_external_connection_export[7]
set_instance_assignment -name OUTPUT_PIN_LOAD 20 -to led_red_o_external_connection_export[8]
set_instance_assignment -name OUTPUT_PIN_LOAD 20 -to led_red_o_external_connection_export[9]
set_instance_assignment -name OUTPUT_PIN_LOAD 20 -to led_red_o_external_connection_export[10]
set_instance_assignment -name OUTPUT_PIN_LOAD 20 -to led_red_o_external_connection_export[11]
set_instance_assignment -name OUTPUT_PIN_LOAD 20 -to led_red_o_external_connection_export[12]
set_instance_assignment -name OUTPUT_PIN_LOAD 20 -to led_red_o_external_connection_export[13]
set_instance_assignment -name OUTPUT_PIN_LOAD 20 -to led_red_o_external_connection_export[14]
set_instance_assignment -name OUTPUT_PIN_LOAD 20 -to led_red_o_external_connection_export[15]
set_instance_assignment -name OUTPUT_PIN_LOAD 20 -to led_red_o_external_connection_export[16]
set_instance_assignment -name OUTPUT_PIN_LOAD 20 -to led_red_o_external_connection_export[17]

set_instance_assignment -name OUTPUT_PIN_LOAD 20 -to led_green_o_external_connection_export[0]
set_instance_assignment -name OUTPUT_PIN_LOAD 20 -to led_green_o_external_connection_export[1]
set_instance_assignment -name OUTPUT_PIN_LOAD 20 -to led_green_o_external_connection_export[2]
set_instance_assignment -name OUTPUT_PIN_LOAD 20 -to led_green_o_external_connection_export[3]
set_instance_assignment -name OUTPUT_PIN_LOAD 20 -to led_green_o_external_connection_export[4]
set_instance_assignment -name OUTPUT_PIN_LOAD 20 -to led_green_o_external_connection_export[5]
set_instance_assignment -name OUTPUT_PIN_LOAD 20 -to led_green_o_external_connection_export[6]
set_instance_assignment -name OUTPUT_PIN_LOAD 20 -to led_green_o_external_connection_export[7]
set_instance_assignment -name OUTPUT_PIN_LOAD 20 -to led_green_o_external_connection_export[8]

set_location_assignment PIN_AE4 -to sram_0_external_interface_ADDR[0]
set_location_assignment PIN_AF4 -to sram_0_external_interface_ADDR[1]
set_location_assignment PIN_AC5 -to sram_0_external_interface_ADDR[2]
set_location_assignment PIN_AC6 -to sram_0_external_interface_ADDR[3]
set_location_assignment PIN_AD4 -to sram_0_external_interface_ADDR[4]
set_location_assignment PIN_AD5 -to sram_0_external_interface_ADDR[5]
set_location_assignment PIN_AE5 -to sram_0_external_interface_ADDR[6]
set_location_assignment PIN_AF5 -to sram_0_external_interface_ADDR[7]
set_location_assignment PIN_AD6 -to sram_0_external_interface_ADDR[8]
set_location_assignment PIN_AD7 -to sram_0_external_interface_ADDR[9]
set_location_assignment PIN_V10 -to sram_0_external_interface_ADDR[10]
set_location_assignment PIN_V9 -to sram_0_external_interface_ADDR[11]
set_location_assignment PIN_AC7 -to sram_0_external_interface_ADDR[12]
set_location_assignment PIN_W8 -to sram_0_external_interface_ADDR[13]
set_location_assignment PIN_W10 -to sram_0_external_interface_ADDR[14]
set_location_assignment PIN_Y10 -to sram_0_external_interface_ADDR[15]
set_location_assignment PIN_AB8 -to sram_0_external_interface_ADDR[16]
set_location_assignment PIN_AC8 -to sram_0_external_interface_ADDR[17]
set_location_assignment PIN_AD8 -to sram_0_external_interface_DQ[0]
set_location_assignment PIN_AE6 -to sram_0_external_interface_DQ[1]
set_location_assignment PIN_AF6 -to sram_0_external_interface_DQ[2]
set_location_assignment PIN_AA9 -to sram_0_external_interface_DQ[3]
set_location_assignment PIN_AA10 -to sram_0_external_interface_DQ[4]
set_location_assignment PIN_AB10 -to sram_0_external_interface_DQ[5]
set_location_assignment PIN_AA11 -to sram_0_external_interface_DQ[6]
set_location_assignment PIN_Y11 -to sram_0_external_interface_DQ[7]
set_location_assignment PIN_AE7 -to sram_0_external_interface_DQ[8]
set_location_assignment PIN_AF7 -to sram_0_external_interface_DQ[9]
set_location_assignment PIN_AE8 -to sram_0_external_interface_DQ[10]
set_location_assignment PIN_AF8 -to sram_0_external_interface_DQ[11]
set_location_assignment PIN_W11 -to sram_0_external_interface_DQ[12]
set_location_assignment PIN_W12 -to sram_0_external_interface_DQ[13]
set_location_assignment PIN_AC9 -to sram_0_external_interface_DQ[14]
set_location_assignment PIN_AC10 -to sram_0_external_interface_DQ[15]
set_location_assignment PIN_AE9 -to sram_0_external_interface_LB_N
set_location_assignment PIN_AD10 -to sram_0_external_interface_OE_N
set_location_assignment PIN_AF9 -to sram_0_external_interface_UB_N
set_location_assignment PIN_AE10 -to sram_0_external_interface_WE_N
set_location_assignment PIN_AC11 -to sram_0_external_interface_CE_N

set_location_assignment PIN_K2 -to character_lcd_0_external_interface_BLON
set_location_assignment PIN_H3 -to character_lcd_0_external_interface_DATA[7]
set_location_assignment PIN_H4 -to character_lcd_0_external_interface_DATA[6]
set_location_assignment PIN_J3 -to character_lcd_0_external_interface_DATA[5]
set_location_assignment PIN_J4 -to character_lcd_0_external_interface_DATA[4]
set_location_assignment PIN_H2 -to character_lcd_0_external_interface_DATA[3]
set_location_assignment PIN_H1 -to character_lcd_0_external_interface_DATA[2]
set_location_assignment PIN_J2 -to character_lcd_0_external_interface_DATA[1]
set_location_assignment PIN_J1 -to character_lcd_0_external_interface_DATA[0]
set_location_assignment PIN_K3 -to character_lcd_0_external_interface_EN
set_location_assignment PIN_L4 -to character_lcd_0_external_interface_ON
set_location_assignment PIN_K1 -to character_lcd_0_external_interface_RS
set_location_assignment PIN_K4 -to character_lcd_0_external_interface_RW

set_location_assignment PIN_AF10 -to seg7_display_0_seg7_display_export_oSEG0[0]
set_location_assignment PIN_AB12 -to seg7_display_0_seg7_display_export_oSEG0[1]
set_location_assignment PIN_AC12 -to seg7_display_0_seg7_display_export_oSEG0[2]
set_location_assignment PIN_AD11 -to seg7_display_0_seg7_display_export_oSEG0[3]
set_location_assignment PIN_AE11 -to seg7_display_0_seg7_display_export_oSEG0[4]
set_location_assignment PIN_V14 -to seg7_display_0_seg7_display_export_oSEG0[5]
set_location_assignment PIN_V13 -to seg7_display_0_seg7_display_export_oSEG0[6]
set_location_assignment PIN_V20 -to seg7_display_0_seg7_display_export_oSEG1[0]
set_location_assignment PIN_V21 -to seg7_display_0_seg7_display_export_oSEG1[1]
set_location_assignment PIN_W21 -to seg7_display_0_seg7_display_export_oSEG1[2]
set_location_assignment PIN_Y22 -to seg7_display_0_seg7_display_export_oSEG1[3]
set_location_assignment PIN_AA24 -to seg7_display_0_seg7_display_export_oSEG1[4]
set_location_assignment PIN_AA23 -to seg7_display_0_seg7_display_export_oSEG1[5]
set_location_assignment PIN_AB24 -to seg7_display_0_seg7_display_export_oSEG1[6]
set_location_assignment PIN_AB23 -to seg7_display_0_seg7_display_export_oSEG2[0]
set_location_assignment PIN_V22 -to seg7_display_0_seg7_display_export_oSEG2[1]
set_location_assignment PIN_AC25 -to seg7_display_0_seg7_display_export_oSEG2[2]
set_location_assignment PIN_AC26 -to seg7_display_0_seg7_display_export_oSEG2[3]
set_location_assignment PIN_AB26 -to seg7_display_0_seg7_display_export_oSEG2[4]
set_location_assignment PIN_AB25 -to seg7_display_0_seg7_display_export_oSEG2[5]
set_location_assignment PIN_Y24 -to seg7_display_0_seg7_display_export_oSEG2[6]
set_location_assignment PIN_Y23 -to seg7_display_0_seg7_display_export_oSEG3[0]
set_location_assignment PIN_AA25 -to seg7_display_0_seg7_display_export_oSEG3[1]
set_location_assignment PIN_AA26 -to seg7_display_0_seg7_display_export_oSEG3[2]
set_location_assignment PIN_Y26 -to seg7_display_0_seg7_display_export_oSEG3[3]
set_location_assignment PIN_Y25 -to seg7_display_0_seg7_display_export_oSEG3[4]
set_location_assignment PIN_U22 -to seg7_display_0_seg7_display_export_oSEG3[5]
set_location_assignment PIN_W24 -to seg7_display_0_seg7_display_export_oSEG3[6]
set_location_assignment PIN_U9 -to seg7_display_0_seg7_display_export_oSEG4[0]
set_location_assignment PIN_U1 -to seg7_display_0_seg7_display_export_oSEG4[1]
set_location_assignment PIN_U2 -to seg7_display_0_seg7_display_export_oSEG4[2]
set_location_assignment PIN_T4 -to seg7_display_0_seg7_display_export_oSEG4[3]
set_location_assignment PIN_R7 -to seg7_display_0_seg7_display_export_oSEG4[4]
set_location_assignment PIN_R6 -to seg7_display_0_seg7_display_export_oSEG4[5]
set_location_assignment PIN_T3 -to seg7_display_0_seg7_display_export_oSEG4[6]
set_location_assignment PIN_T2 -to seg7_display_0_seg7_display_export_oSEG5[0]
set_location_assignment PIN_P6 -to seg7_display_0_seg7_display_export_oSEG5[1]
set_location_assignment PIN_P7 -to seg7_display_0_seg7_display_export_oSEG5[2]
set_location_assignment PIN_T9 -to seg7_display_0_seg7_display_export_oSEG5[3]
set_location_assignment PIN_R5 -to seg7_display_0_seg7_display_export_oSEG5[4]
set_location_assignment PIN_R4 -to seg7_display_0_seg7_display_export_oSEG5[5]
set_location_assignment PIN_R3 -to seg7_display_0_seg7_display_export_oSEG5[6]
set_location_assignment PIN_R2 -to seg7_display_0_seg7_display_export_oSEG6[0]
set_location_assignment PIN_P4 -to seg7_display_0_seg7_display_export_oSEG6[1]
set_location_assignment PIN_P3 -to seg7_display_0_seg7_display_export_oSEG6[2]
set_location_assignment PIN_M2 -to seg7_display_0_seg7_display_export_oSEG6[3]
set_location_assignment PIN_M3 -to seg7_display_0_seg7_display_export_oSEG6[4]
set_location_assignment PIN_M5 -to seg7_display_0_seg7_display_export_oSEG6[5]
set_location_assignment PIN_M4 -to seg7_display_0_seg7_display_export_oSEG6[6]
set_location_assignment PIN_L3 -to seg7_display_0_seg7_display_export_oSEG7[0]
set_location_assignment PIN_L2 -to seg7_display_0_seg7_display_export_oSEG7[1]
set_location_assignment PIN_L9 -to seg7_display_0_seg7_display_export_oSEG7[2]
set_location_assignment PIN_L6 -to seg7_display_0_seg7_display_export_oSEG7[3]
set_location_assignment PIN_L7 -to seg7_display_0_seg7_display_export_oSEG7[4]
set_location_assignment PIN_P9 -to seg7_display_0_seg7_display_export_oSEG7[5]
set_location_assignment PIN_N9 -to seg7_display_0_seg7_display_export_oSEG7[6]

set_global_assignment -name PARTITION_NETLIST_TYPE SOURCE -section_id Top
set_global_assignment -name PARTITION_FITTER_PRESERVATION_LEVEL PLACEMENT_AND_ROUTING -section_id Top
set_global_assignment -name PARTITION_COLOR 16764057 -section_id Top
set_global_assignment -name QIP_FILE experiment1/synthesis/experiment1.qip
set_global_assignment -name SOURCE_FILE experiment1.qsf
set_global_assignment -name VERILOG_FILE /tools/altera/12.0/ip/University_Program/Audio_Video/altera_up_avalon_character_lcd/hdl/altera_up_character_lcd_initialization.v
set_global_assignment -name VERILOG_FILE /tools/altera/12.0/ip/University_Program/Audio_Video/altera_up_avalon_character_lcd/hdl/altera_up_character_lcd_communication.v
set_instance_assignment -name PARTITION_HIERARCHY root_partition -to | -section_id Top